// !$*UTF8*$!
{
	archiveVersion = 1;
	classes = {
	};
	objectVersion = 54;
	objects = {

/* Begin PBXBuildFile section */
		00E356F31AD99517003FC87E /* DLHF_MemberTests.m in Sources */ = {isa = PBXBuildFile; fileRef = 00E356F21AD99517003FC87E /* DLHF_MemberTests.m */; };
		13B07FBC1A68108700A75B9A /* AppDelegate.mm in Sources */ = {isa = PBXBuildFile; fileRef = 13B07FB01A68108700A75B9A /* AppDelegate.mm */; };
		13B07FC11A68108700A75B9A /* main.m in Sources */ = {isa = PBXBuildFile; fileRef = 13B07FB71A68108700A75B9A /* main.m */; };
		1F62BC952AD4F6A700E39C44 /* Images.xcassets in Resources */ = {isa = PBXBuildFile; fileRef = 13B07FB51A68108700A75B9A /* Images.xcassets */; };
		1F62BC962AD4F6B300E39C44 /* Images.xcassets in Resources */ = {isa = PBXBuildFile; fileRef = 13B07FB51A68108700A75B9A /* Images.xcassets */; };
		AEF9F3C73CFF8F5C17898289 /* libPods-DLHF_Member.a in Frameworks */ = {isa = PBXBuildFile; fileRef = 4BF837B73CCBE47708AD4307 /* libPods-DLHF_Member.a */; };
		EB947C60F3F49E4D45AD7441 /* libPods-DLHF_Member-DLHF_MemberTests.a in Frameworks */ = {isa = PBXBuildFile; fileRef = 3E41365A3D2CA61D1A2F27CF /* libPods-DLHF_Member-DLHF_MemberTests.a */; };
		5C5C7CDBAEFD4E8DABE49231 /* Merriweather-Black.ttf in Resources */ = {isa = PBXBuildFile; fileRef = E2F7FE84B5C94BC5B54E9A21 /* Merriweather-Black.ttf */; };
		46B751C424D04CD6AA702EC8 /* Merriweather-BlackItalic.ttf in Resources */ = {isa = PBXBuildFile; fileRef = D68E3F23247F40B4BAC62B00 /* Merriweather-BlackItalic.ttf */; };
		DB48010D5AE142928B06AD2D /* Merriweather-Bold.ttf in Resources */ = {isa = PBXBuildFile; fileRef = 9EB400D5E92243E983A5F8E4 /* Merriweather-Bold.ttf */; };
		CD5BFEBC80B940DAA3CC6A90 /* Merriweather-BoldItalic.ttf in Resources */ = {isa = PBXBuildFile; fileRef = 9A48A5DD3EED4C1E9E55FE34 /* Merriweather-BoldItalic.ttf */; };
		33CE73C77F094B9E90A57A44 /* Merriweather-Italic.ttf in Resources */ = {isa = PBXBuildFile; fileRef = F6D473AD520540EBAB016542 /* Merriweather-Italic.ttf */; };
		148CADDA6B394CCA871CF42A /* Merriweather-Light.ttf in Resources */ = {isa = PBXBuildFile; fileRef = A7CCC25DCADF479DB6D381B2 /* Merriweather-Light.ttf */; };
		00DD4D1401A645189D51B3FE /* Merriweather-LightItalic.ttf in Resources */ = {isa = PBXBuildFile; fileRef = 345A79A19E2847CEAB5DA873 /* Merriweather-LightItalic.ttf */; };
		14340A9CFB264CF0937C4BD6 /* Merriweather-Regular.ttf in Resources */ = {isa = PBXBuildFile; fileRef = 29119ECC27BC46478E0E34EA /* Merriweather-Regular.ttf */; };
		67E4236B4F0E4142A8995563 /* DancingScript-VariableFont_wght.ttf in Resources */ = {isa = PBXBuildFile; fileRef = FC00D6BC9DD04521BB76BAF8 /* DancingScript-VariableFont_wght.ttf */; };
		A857BD4D411243C78B9A86E0 /* DancingScript-Bold.ttf in Resources */ = {isa = PBXBuildFile; fileRef = 7EB1C949EA774D2BAD18CD67 /* DancingScript-Bold.ttf */; };
		FA7775442E1849839DB0C642 /* DancingScript-Medium.ttf in Resources */ = {isa = PBXBuildFile; fileRef = BE8DD4535AE74B8AA998DFAF /* DancingScript-Medium.ttf */; };
		E563256160074696A8E42F5A /* DancingScript-Regular.ttf in Resources */ = {isa = PBXBuildFile; fileRef = 54C324D293C945E8B8A6CC6F /* DancingScript-Regular.ttf */; };
		4ECCE17025454F85A808DAFF /* DancingScript-SemiBold.ttf in Resources */ = {isa = PBXBuildFile; fileRef = F58427EBC6D94576B31BB2D7 /* DancingScript-SemiBold.ttf */; };
		91A5ADCCCB204ADDAF2BED9A /* Mukta-Bold.ttf in Resources */ = {isa = PBXBuildFile; fileRef = 06C682E316A245AE9FD0238A /* Mukta-Bold.ttf */; };
		E7E8DBB7686343E6AC76D61B /* Mukta-ExtraBold.ttf in Resources */ = {isa = PBXBuildFile; fileRef = 772F09AFEEC34BE1BB0217BB /* Mukta-ExtraBold.ttf */; };
		6AEB96C776D14B8FA0DB92F5 /* Mukta-ExtraLight.ttf in Resources */ = {isa = PBXBuildFile; fileRef = 0A3DB958EE02442CA8C38460 /* Mukta-ExtraLight.ttf */; };
		B6B42EB35A0A4902B6EC7DE7 /* Mukta-Light.ttf in Resources */ = {isa = PBXBuildFile; fileRef = 128260A8507E4A5196341750 /* Mukta-Light.ttf */; };
		00E8572652704E59B9338D7D /* Mukta-Medium.ttf in Resources */ = {isa = PBXBuildFile; fileRef = B0D3B9F2F2344E4AB9E8E09C /* Mukta-Medium.ttf */; };
		E7CC4BD8A55444A0970A5AF0 /* Mukta-Regular.ttf in Resources */ = {isa = PBXBuildFile; fileRef = C418CB7D62DC4138A63F2F96 /* Mukta-Regular.ttf */; };
		B64FED65507046529DDC9BD4 /* Mukta-SemiBold.ttf in Resources */ = {isa = PBXBuildFile; fileRef = 05A8442B205640BE961B20C0 /* Mukta-SemiBold.ttf */; };
		F35F7137EA7D414880F8B6E3 /* Oswald-VariableFont_wght.ttf in Resources */ = {isa = PBXBuildFile; fileRef = E8969953A76245A7B3A0D7F4 /* Oswald-VariableFont_wght.ttf */; };
		375B148F600441539FE85FA2 /* Oswald-Bold.ttf in Resources */ = {isa = PBXBuildFile; fileRef = F592C2EC8AC0471E94DEB564 /* Oswald-Bold.ttf */; };
		57675B785D8D4984A11BC5D4 /* Oswald-ExtraLight.ttf in Resources */ = {isa = PBXBuildFile; fileRef = 28700EE9160043568AFBCFB4 /* Oswald-ExtraLight.ttf */; };
		5A73585325AC4B97B4292ABE /* Oswald-Light.ttf in Resources */ = {isa = PBXBuildFile; fileRef = 3FE5E8B48D2E41708542218D /* Oswald-Light.ttf */; };
		DED3F86D56B54A0B809F8FC0 /* Oswald-Medium.ttf in Resources */ = {isa = PBXBuildFile; fileRef = 4C4BB1744FD645F784E48C96 /* Oswald-Medium.ttf */; };
		5D23417F63F54907A8B38D76 /* Oswald-Regular.ttf in Resources */ = {isa = PBXBuildFile; fileRef = 3B750AB9BE9B403C8B50E708 /* Oswald-Regular.ttf */; };
		B9E548A1ACC74604A102FA0F /* Oswald-SemiBold.ttf in Resources */ = {isa = PBXBuildFile; fileRef = F0A7F396BCFB4CAA8B8371F2 /* Oswald-SemiBold.ttf */; };
		537C4F2153564D41A595FF65 /* PlayfairDisplay-Italic-VariableFont_wght.ttf in Resources */ = {isa = PBXBuildFile; fileRef = 6650A8B6B8B84862B3C820DE /* PlayfairDisplay-Italic-VariableFont_wght.ttf */; };
		F7FF6E2CDC5F46F39D2A78E7 /* PlayfairDisplay-VariableFont_wght.ttf in Resources */ = {isa = PBXBuildFile; fileRef = 20D0ECF745674B46A32B3727 /* PlayfairDisplay-VariableFont_wght.ttf */; };
		8B455BD5B5CC4D31893F7E3B /* PlayfairDisplay-Black.ttf in Resources */ = {isa = PBXBuildFile; fileRef = 84E41A46022F43748D5049FC /* PlayfairDisplay-Black.ttf */; };
		7819E30B88B14E4988531440 /* PlayfairDisplay-BlackItalic.ttf in Resources */ = {isa = PBXBuildFile; fileRef = A8F13E0087134358B4BFC8E8 /* PlayfairDisplay-BlackItalic.ttf */; };
		4A07125A2FEA4BCA86FB1270 /* PlayfairDisplay-Bold.ttf in Resources */ = {isa = PBXBuildFile; fileRef = 2CA1E5D3F01F425AA0CC5CB6 /* PlayfairDisplay-Bold.ttf */; };
		5F322AD585A5473ABCA60F37 /* PlayfairDisplay-BoldItalic.ttf in Resources */ = {isa = PBXBuildFile; fileRef = A9E06C0D27D8428DA147D561 /* PlayfairDisplay-BoldItalic.ttf */; };
		951A005800E8465A99977058 /* PlayfairDisplay-ExtraBold.ttf in Resources */ = {isa = PBXBuildFile; fileRef = 7F4EB2A1573F453B975FB963 /* PlayfairDisplay-ExtraBold.ttf */; };
		247FEB44B11848BEAFE7867C /* PlayfairDisplay-ExtraBoldItalic.ttf in Resources */ = {isa = PBXBuildFile; fileRef = D8AE3A0D046B4CD3ADF5E332 /* PlayfairDisplay-ExtraBoldItalic.ttf */; };
		91EBBA4692E84BE9AAA984E6 /* PlayfairDisplay-Italic.ttf in Resources */ = {isa = PBXBuildFile; fileRef = 3DDA9FD137694351AA97856F /* PlayfairDisplay-Italic.ttf */; };
		973957393A994C32A26FE547 /* PlayfairDisplay-Medium.ttf in Resources */ = {isa = PBXBuildFile; fileRef = 91F5961B86F94283AB041E1C /* PlayfairDisplay-Medium.ttf */; };
		A636F4B5BAC9474D9352659E /* PlayfairDisplay-MediumItalic.ttf in Resources */ = {isa = PBXBuildFile; fileRef = E784BD849AF5480EA90F901C /* PlayfairDisplay-MediumItalic.ttf */; };
		6243637C0F884FB48018A6CC /* PlayfairDisplay-Regular.ttf in Resources */ = {isa = PBXBuildFile; fileRef = 683B89088815449E9B729A7E /* PlayfairDisplay-Regular.ttf */; };
		392D8A9AE07C4EE08CB6CD3E /* PlayfairDisplay-SemiBold.ttf in Resources */ = {isa = PBXBuildFile; fileRef = 3E5CB6A776B741D7A7188FB3 /* PlayfairDisplay-SemiBold.ttf */; };
		65DE395276994A46B7A0C293 /* PlayfairDisplay-SemiBoldItalic.ttf in Resources */ = {isa = PBXBuildFile; fileRef = EC7287CF6F25488C89ACD71E /* PlayfairDisplay-SemiBoldItalic.ttf */; };
		4A7294FA36D744F98519F4E3 /* Roboto-Black.ttf in Resources */ = {isa = PBXBuildFile; fileRef = 38D1A41DF0D6494D9CFEB0AD /* Roboto-Black.ttf */; };
		141BF4BD55C94658A121808C /* Roboto-BlackItalic.ttf in Resources */ = {isa = PBXBuildFile; fileRef = FA6DF1617D224F88B258074A /* Roboto-BlackItalic.ttf */; };
		A6624FCA0E894662BBF38A2B /* Roboto-Bold.ttf in Resources */ = {isa = PBXBuildFile; fileRef = F7FBA4FC848E46DAB24D5BAD /* Roboto-Bold.ttf */; };
		B7E86675C0664263841083C8 /* Roboto-BoldItalic.ttf in Resources */ = {isa = PBXBuildFile; fileRef = 1402ADE3E67F4EFDBDF9A972 /* Roboto-BoldItalic.ttf */; };
		10A98A5BDDB54FA79AEC599E /* Roboto-Italic.ttf in Resources */ = {isa = PBXBuildFile; fileRef = C15E4FCEF2CE44818BCEDF59 /* Roboto-Italic.ttf */; };
		9F0CD2F28B974C439B1EA4DE /* Roboto-Light.ttf in Resources */ = {isa = PBXBuildFile; fileRef = 26E8C3D7498442E58ECE5802 /* Roboto-Light.ttf */; };
		C7B21D629FD747BA8C9662A7 /* Roboto-LightItalic.ttf in Resources */ = {isa = PBXBuildFile; fileRef = DF3C1647BCC74A979E5C170A /* Roboto-LightItalic.ttf */; };
		846914DC374F4121B7545B41 /* Roboto-Medium.ttf in Resources */ = {isa = PBXBuildFile; fileRef = 3DB03D577C6048378499AB76 /* Roboto-Medium.ttf */; };
		349F7D86A7E645169C9FBD7D /* Roboto-MediumItalic.ttf in Resources */ = {isa = PBXBuildFile; fileRef = 9EB6A55BCFD34E0ABAAEDF59 /* Roboto-MediumItalic.ttf */; };
		505E2FDF13054C648DC04D95 /* Roboto-Regular.ttf in Resources */ = {isa = PBXBuildFile; fileRef = FED11C6CC11A4A95825F63DA /* Roboto-Regular.ttf */; };
		22518CFD12274DBFBCE55235 /* Roboto-Thin.ttf in Resources */ = {isa = PBXBuildFile; fileRef = AF7848E2F301417DA4580632 /* Roboto-Thin.ttf */; };
		CE5FC2272E304A2CA259B366 /* Roboto-ThinItalic.ttf in Resources */ = {isa = PBXBuildFile; fileRef = 6005E5D4031D4D79AF922DB9 /* Roboto-ThinItalic.ttf */; };
		507822B2BC094B2AA825545D /* TiltNeon-Regular-VariableFont_XROT,YROT.ttf in Resources */ = {isa = PBXBuildFile; fileRef = 1A263FD00E0B42D2A616970A /* TiltNeon-Regular-VariableFont_XROT,YROT.ttf */; };
		04C09C355CFE4016B961C3C3 /* TiltNeon-Regular.ttf in Resources */ = {isa = PBXBuildFile; fileRef = B35F74C747BC48C6B92E7F35 /* TiltNeon-Regular.ttf */; };
		0F260F47DC204904A0DF19AF /* Ubuntu-Bold.ttf in Resources */ = {isa = PBXBuildFile; fileRef = 6C7B7D5ADE284C0BA1BBB109 /* Ubuntu-Bold.ttf */; };
		B233955535EE44B797426BD6 /* Ubuntu-BoldItalic.ttf in Resources */ = {isa = PBXBuildFile; fileRef = 175E44D6ED2B45D99C711F53 /* Ubuntu-BoldItalic.ttf */; };
		FFD7E6426E0940E3BE8EC14E /* Ubuntu-Italic.ttf in Resources */ = {isa = PBXBuildFile; fileRef = 9BFC448F6D134ECAB7A70DC6 /* Ubuntu-Italic.ttf */; };
		BBF2389E302C4764A7C63440 /* Ubuntu-Light.ttf in Resources */ = {isa = PBXBuildFile; fileRef = C24E980FE8ED44349B4A8229 /* Ubuntu-Light.ttf */; };
		6D14C7BDA2A24124A387F19B /* Ubuntu-LightItalic.ttf in Resources */ = {isa = PBXBuildFile; fileRef = 49F014C41E15433F9500D3C9 /* Ubuntu-LightItalic.ttf */; };
		D1FA5BD59E404727A56992A1 /* Ubuntu-Medium.ttf in Resources */ = {isa = PBXBuildFile; fileRef = 29FDBDBB0DD04772BD8E2CE2 /* Ubuntu-Medium.ttf */; };
		54D2B7C476644F1EAC6AE5CE /* Ubuntu-MediumItalic.ttf in Resources */ = {isa = PBXBuildFile; fileRef = 06D83970144A43B8A744CE82 /* Ubuntu-MediumItalic.ttf */; };
		CE3A2BBC9EE2478C89D243C4 /* Ubuntu-Regular.ttf in Resources */ = {isa = PBXBuildFile; fileRef = CC154FD9F324481FB1752AF1 /* Ubuntu-Regular.ttf */; };
		7FDF61DD51A4438692D6E089 /* OFL.txt in Resources */ = {isa = PBXBuildFile; fileRef = 03E658589DF74025AE5A01FB /* OFL.txt */; };
		434CD7A1ED1B4F30943D6901 /* README.txt in Resources */ = {isa = PBXBuildFile; fileRef = FBF9BC33FF644F0F995B4784 /* README.txt */; };
		5779D9B4567B40D98CB3909A /* LICENSE.txt in Resources */ = {isa = PBXBuildFile; fileRef = 2E1BB45355F849BC9B92481B /* LICENSE.txt */; };
		1D0F63B916B44444A83A640C /* UFL.txt in Resources */ = {isa = PBXBuildFile; fileRef = E1EC6909FE334CEDB1BA468F /* UFL.txt */; };
/* End PBXBuildFile section */

/* Begin PBXContainerItemProxy section */
		00E356F41AD99517003FC87E /* PBXContainerItemProxy */ = {
			isa = PBXContainerItemProxy;
			containerPortal = 83CBB9F71A601CBA00E9B192 /* Project object */;
			proxyType = 1;
			remoteGlobalIDString = 13B07F861A680F5B00A75B9A;
			remoteInfo = DLHF_Member;
		};
/* End PBXContainerItemProxy section */

/* Begin PBXFileReference section */
		00E356EE1AD99517003FC87E /* DLHF_MemberTests.xctest */ = {isa = PBXFileReference; explicitFileType = wrapper.cfbundle; includeInIndex = 0; path = DLHF_MemberTests.xctest; sourceTree = BUILT_PRODUCTS_DIR; };
		00E356F11AD99517003FC87E /* Info.plist */ = {isa = PBXFileReference; lastKnownFileType = text.plist.xml; path = Info.plist; sourceTree = "<group>"; };
		00E356F21AD99517003FC87E /* DLHF_MemberTests.m */ = {isa = PBXFileReference; lastKnownFileType = sourcecode.c.objc; path = DLHF_MemberTests.m; sourceTree = "<group>"; };
		13B07F961A680F5B00A75B9A /* DLHF_Member.app */ = {isa = PBXFileReference; explicitFileType = wrapper.application; includeInIndex = 0; path = DLHF_Member.app; sourceTree = BUILT_PRODUCTS_DIR; };
		13B07FAF1A68108700A75B9A /* AppDelegate.h */ = {isa = PBXFileReference; fileEncoding = 4; lastKnownFileType = sourcecode.c.h; name = AppDelegate.h; path = DLHF_Member/AppDelegate.h; sourceTree = "<group>"; };
		13B07FB01A68108700A75B9A /* AppDelegate.mm */ = {isa = PBXFileReference; fileEncoding = 4; lastKnownFileType = sourcecode.cpp.objcpp; name = AppDelegate.mm; path = DLHF_Member/AppDelegate.mm; sourceTree = "<group>"; };
		13B07FB51A68108700A75B9A /* Images.xcassets */ = {isa = PBXFileReference; lastKnownFileType = folder.assetcatalog; name = Images.xcassets; path = DLHF_Member/Images.xcassets; sourceTree = "<group>"; };
		13B07FB71A68108700A75B9A /* main.m */ = {isa = PBXFileReference; fileEncoding = 4; lastKnownFileType = sourcecode.c.objc; name = main.m; path = DLHF_Member/main.m; sourceTree = "<group>"; };
		3A23FA35E62A963E89BC09AD /* Pods-DLHF_Member.release.xcconfig */ = {isa = PBXFileReference; includeInIndex = 1; lastKnownFileType = text.xcconfig; name = "Pods-DLHF_Member.release.xcconfig"; path = "Target Support Files/Pods-DLHF_Member/Pods-DLHF_Member.release.xcconfig"; sourceTree = "<group>"; };
		3C9B42460A878E946B5A21DB /* Pods-DLHF_Member-DLHF_MemberTests.release.xcconfig */ = {isa = PBXFileReference; includeInIndex = 1; lastKnownFileType = text.xcconfig; name = "Pods-DLHF_Member-DLHF_MemberTests.release.xcconfig"; path = "Target Support Files/Pods-DLHF_Member-DLHF_MemberTests/Pods-DLHF_Member-DLHF_MemberTests.release.xcconfig"; sourceTree = "<group>"; };
		3E41365A3D2CA61D1A2F27CF /* libPods-DLHF_Member-DLHF_MemberTests.a */ = {isa = PBXFileReference; explicitFileType = archive.ar; includeInIndex = 0; path = "libPods-DLHF_Member-DLHF_MemberTests.a"; sourceTree = BUILT_PRODUCTS_DIR; };
		42319C68988E6C27CD70FA90 /* Pods-DLHF_Member-DLHF_MemberTests.debug.xcconfig */ = {isa = PBXFileReference; includeInIndex = 1; lastKnownFileType = text.xcconfig; name = "Pods-DLHF_Member-DLHF_MemberTests.debug.xcconfig"; path = "Target Support Files/Pods-DLHF_Member-DLHF_MemberTests/Pods-DLHF_Member-DLHF_MemberTests.debug.xcconfig"; sourceTree = "<group>"; };
		4BF837B73CCBE47708AD4307 /* libPods-DLHF_Member.a */ = {isa = PBXFileReference; explicitFileType = archive.ar; includeInIndex = 0; path = "libPods-DLHF_Member.a"; sourceTree = BUILT_PRODUCTS_DIR; };
		81AB9BB72411601600AC10FF /* LaunchScreen.storyboard */ = {isa = PBXFileReference; fileEncoding = 4; lastKnownFileType = file.storyboard; name = LaunchScreen.storyboard; path = DLHF_Member/LaunchScreen.storyboard; sourceTree = "<group>"; };
		842ED8986517684B6106B3F1 /* Pods-DLHF_Member.debug.xcconfig */ = {isa = PBXFileReference; includeInIndex = 1; lastKnownFileType = text.xcconfig; name = "Pods-DLHF_Member.debug.xcconfig"; path = "Target Support Files/Pods-DLHF_Member/Pods-DLHF_Member.debug.xcconfig"; sourceTree = "<group>"; };
		94C18E6733F4F97B98D71195 /* Pods-DLHF_MemberTests.release.xcconfig */ = {isa = PBXFileReference; includeInIndex = 1; lastKnownFileType = text.xcconfig; name = "Pods-DLHF_MemberTests.release.xcconfig"; path = "Target Support Files/Pods-DLHF_MemberTests/Pods-DLHF_MemberTests.release.xcconfig"; sourceTree = "<group>"; };
		D17D37C46C210AE7197288ED /* Pods-DLHF_MemberTests.debug.xcconfig */ = {isa = PBXFileReference; includeInIndex = 1; lastKnownFileType = text.xcconfig; name = "Pods-DLHF_MemberTests.debug.xcconfig"; path = "Target Support Files/Pods-DLHF_MemberTests/Pods-DLHF_MemberTests.debug.xcconfig"; sourceTree = "<group>"; };
		ED297162215061F000B7C4FE /* JavaScriptCore.framework */ = {isa = PBXFileReference; lastKnownFileType = wrapper.framework; name = JavaScriptCore.framework; path = System/Library/Frameworks/JavaScriptCore.framework; sourceTree = SDKROOT; };
		E2F7FE84B5C94BC5B54E9A21 /* Merriweather-Black.ttf */ = {isa = PBXFileReference; name = "Merriweather-Black.ttf"; path = "../src/assets/fonts/Merriweather/Merriweather-Black.ttf"; sourceTree = "<group>"; fileEncoding = undefined; lastKnownFileType = unknown; explicitFileType = undefined; includeInIndex = 0; };
		D68E3F23247F40B4BAC62B00 /* Merriweather-BlackItalic.ttf */ = {isa = PBXFileReference; name = "Merriweather-BlackItalic.ttf"; path = "../src/assets/fonts/Merriweather/Merriweather-BlackItalic.ttf"; sourceTree = "<group>"; fileEncoding = undefined; lastKnownFileType = unknown; explicitFileType = undefined; includeInIndex = 0; };
		9EB400D5E92243E983A5F8E4 /* Merriweather-Bold.ttf */ = {isa = PBXFileReference; name = "Merriweather-Bold.ttf"; path = "../src/assets/fonts/Merriweather/Merriweather-Bold.ttf"; sourceTree = "<group>"; fileEncoding = undefined; lastKnownFileType = unknown; explicitFileType = undefined; includeInIndex = 0; };
		9A48A5DD3EED4C1E9E55FE34 /* Merriweather-BoldItalic.ttf */ = {isa = PBXFileReference; name = "Merriweather-BoldItalic.ttf"; path = "../src/assets/fonts/Merriweather/Merriweather-BoldItalic.ttf"; sourceTree = "<group>"; fileEncoding = undefined; lastKnownFileType = unknown; explicitFileType = undefined; includeInIndex = 0; };
		F6D473AD520540EBAB016542 /* Merriweather-Italic.ttf */ = {isa = PBXFileReference; name = "Merriweather-Italic.ttf"; path = "../src/assets/fonts/Merriweather/Merriweather-Italic.ttf"; sourceTree = "<group>"; fileEncoding = undefined; lastKnownFileType = unknown; explicitFileType = undefined; includeInIndex = 0; };
		A7CCC25DCADF479DB6D381B2 /* Merriweather-Light.ttf */ = {isa = PBXFileReference; name = "Merriweather-Light.ttf"; path = "../src/assets/fonts/Merriweather/Merriweather-Light.ttf"; sourceTree = "<group>"; fileEncoding = undefined; lastKnownFileType = unknown; explicitFileType = undefined; includeInIndex = 0; };
		345A79A19E2847CEAB5DA873 /* Merriweather-LightItalic.ttf */ = {isa = PBXFileReference; name = "Merriweather-LightItalic.ttf"; path = "../src/assets/fonts/Merriweather/Merriweather-LightItalic.ttf"; sourceTree = "<group>"; fileEncoding = undefined; lastKnownFileType = unknown; explicitFileType = undefined; includeInIndex = 0; };
		29119ECC27BC46478E0E34EA /* Merriweather-Regular.ttf */ = {isa = PBXFileReference; name = "Merriweather-Regular.ttf"; path = "../src/assets/fonts/Merriweather/Merriweather-Regular.ttf"; sourceTree = "<group>"; fileEncoding = undefined; lastKnownFileType = unknown; explicitFileType = undefined; includeInIndex = 0; };
		FC00D6BC9DD04521BB76BAF8 /* DancingScript-VariableFont_wght.ttf */ = {isa = PBXFileReference; name = "DancingScript-VariableFont_wght.ttf"; path = "../src/assets/fonts/Dancing_Script/DancingScript-VariableFont_wght.ttf"; sourceTree = "<group>"; fileEncoding = undefined; lastKnownFileType = unknown; explicitFileType = undefined; includeInIndex = 0; };
		7EB1C949EA774D2BAD18CD67 /* DancingScript-Bold.ttf */ = {isa = PBXFileReference; name = "DancingScript-Bold.ttf"; path = "../src/assets/fonts/Dancing_Script/static/DancingScript-Bold.ttf"; sourceTree = "<group>"; fileEncoding = undefined; lastKnownFileType = unknown; explicitFileType = undefined; includeInIndex = 0; };
		BE8DD4535AE74B8AA998DFAF /* DancingScript-Medium.ttf */ = {isa = PBXFileReference; name = "DancingScript-Medium.ttf"; path = "../src/assets/fonts/Dancing_Script/static/DancingScript-Medium.ttf"; sourceTree = "<group>"; fileEncoding = undefined; lastKnownFileType = unknown; explicitFileType = undefined; includeInIndex = 0; };
		54C324D293C945E8B8A6CC6F /* DancingScript-Regular.ttf */ = {isa = PBXFileReference; name = "DancingScript-Regular.ttf"; path = "../src/assets/fonts/Dancing_Script/static/DancingScript-Regular.ttf"; sourceTree = "<group>"; fileEncoding = undefined; lastKnownFileType = unknown; explicitFileType = undefined; includeInIndex = 0; };
		F58427EBC6D94576B31BB2D7 /* DancingScript-SemiBold.ttf */ = {isa = PBXFileReference; name = "DancingScript-SemiBold.ttf"; path = "../src/assets/fonts/Dancing_Script/static/DancingScript-SemiBold.ttf"; sourceTree = "<group>"; fileEncoding = undefined; lastKnownFileType = unknown; explicitFileType = undefined; includeInIndex = 0; };
		06C682E316A245AE9FD0238A /* Mukta-Bold.ttf */ = {isa = PBXFileReference; name = "Mukta-Bold.ttf"; path = "../src/assets/fonts/Mukta/Mukta-Bold.ttf"; sourceTree = "<group>"; fileEncoding = undefined; lastKnownFileType = unknown; explicitFileType = undefined; includeInIndex = 0; };
		772F09AFEEC34BE1BB0217BB /* Mukta-ExtraBold.ttf */ = {isa = PBXFileReference; name = "Mukta-ExtraBold.ttf"; path = "../src/assets/fonts/Mukta/Mukta-ExtraBold.ttf"; sourceTree = "<group>"; fileEncoding = undefined; lastKnownFileType = unknown; explicitFileType = undefined; includeInIndex = 0; };
		0A3DB958EE02442CA8C38460 /* Mukta-ExtraLight.ttf */ = {isa = PBXFileReference; name = "Mukta-ExtraLight.ttf"; path = "../src/assets/fonts/Mukta/Mukta-ExtraLight.ttf"; sourceTree = "<group>"; fileEncoding = undefined; lastKnownFileType = unknown; explicitFileType = undefined; includeInIndex = 0; };
		128260A8507E4A5196341750 /* Mukta-Light.ttf */ = {isa = PBXFileReference; name = "Mukta-Light.ttf"; path = "../src/assets/fonts/Mukta/Mukta-Light.ttf"; sourceTree = "<group>"; fileEncoding = undefined; lastKnownFileType = unknown; explicitFileType = undefined; includeInIndex = 0; };
		B0D3B9F2F2344E4AB9E8E09C /* Mukta-Medium.ttf */ = {isa = PBXFileReference; name = "Mukta-Medium.ttf"; path = "../src/assets/fonts/Mukta/Mukta-Medium.ttf"; sourceTree = "<group>"; fileEncoding = undefined; lastKnownFileType = unknown; explicitFileType = undefined; includeInIndex = 0; };
		C418CB7D62DC4138A63F2F96 /* Mukta-Regular.ttf */ = {isa = PBXFileReference; name = "Mukta-Regular.ttf"; path = "../src/assets/fonts/Mukta/Mukta-Regular.ttf"; sourceTree = "<group>"; fileEncoding = undefined; lastKnownFileType = unknown; explicitFileType = undefined; includeInIndex = 0; };
		05A8442B205640BE961B20C0 /* Mukta-SemiBold.ttf */ = {isa = PBXFileReference; name = "Mukta-SemiBold.ttf"; path = "../src/assets/fonts/Mukta/Mukta-SemiBold.ttf"; sourceTree = "<group>"; fileEncoding = undefined; lastKnownFileType = unknown; explicitFileType = undefined; includeInIndex = 0; };
		E8969953A76245A7B3A0D7F4 /* Oswald-VariableFont_wght.ttf */ = {isa = PBXFileReference; name = "Oswald-VariableFont_wght.ttf"; path = "../src/assets/fonts/Oswald/Oswald-VariableFont_wght.ttf"; sourceTree = "<group>"; fileEncoding = undefined; lastKnownFileType = unknown; explicitFileType = undefined; includeInIndex = 0; };
		F592C2EC8AC0471E94DEB564 /* Oswald-Bold.ttf */ = {isa = PBXFileReference; name = "Oswald-Bold.ttf"; path = "../src/assets/fonts/Oswald/static/Oswald-Bold.ttf"; sourceTree = "<group>"; fileEncoding = undefined; lastKnownFileType = unknown; explicitFileType = undefined; includeInIndex = 0; };
		28700EE9160043568AFBCFB4 /* Oswald-ExtraLight.ttf */ = {isa = PBXFileReference; name = "Oswald-ExtraLight.ttf"; path = "../src/assets/fonts/Oswald/static/Oswald-ExtraLight.ttf"; sourceTree = "<group>"; fileEncoding = undefined; lastKnownFileType = unknown; explicitFileType = undefined; includeInIndex = 0; };
		3FE5E8B48D2E41708542218D /* Oswald-Light.ttf */ = {isa = PBXFileReference; name = "Oswald-Light.ttf"; path = "../src/assets/fonts/Oswald/static/Oswald-Light.ttf"; sourceTree = "<group>"; fileEncoding = undefined; lastKnownFileType = unknown; explicitFileType = undefined; includeInIndex = 0; };
		4C4BB1744FD645F784E48C96 /* Oswald-Medium.ttf */ = {isa = PBXFileReference; name = "Oswald-Medium.ttf"; path = "../src/assets/fonts/Oswald/static/Oswald-Medium.ttf"; sourceTree = "<group>"; fileEncoding = undefined; lastKnownFileType = unknown; explicitFileType = undefined; includeInIndex = 0; };
		3B750AB9BE9B403C8B50E708 /* Oswald-Regular.ttf */ = {isa = PBXFileReference; name = "Oswald-Regular.ttf"; path = "../src/assets/fonts/Oswald/static/Oswald-Regular.ttf"; sourceTree = "<group>"; fileEncoding = undefined; lastKnownFileType = unknown; explicitFileType = undefined; includeInIndex = 0; };
		F0A7F396BCFB4CAA8B8371F2 /* Oswald-SemiBold.ttf */ = {isa = PBXFileReference; name = "Oswald-SemiBold.ttf"; path = "../src/assets/fonts/Oswald/static/Oswald-SemiBold.ttf"; sourceTree = "<group>"; fileEncoding = undefined; lastKnownFileType = unknown; explicitFileType = undefined; includeInIndex = 0; };
		6650A8B6B8B84862B3C820DE /* PlayfairDisplay-Italic-VariableFont_wght.ttf */ = {isa = PBXFileReference; name = "PlayfairDisplay-Italic-VariableFont_wght.ttf"; path = "../src/assets/fonts/Playfair_Display/PlayfairDisplay-Italic-VariableFont_wght.ttf"; sourceTree = "<group>"; fileEncoding = undefined; lastKnownFileType = unknown; explicitFileType = undefined; includeInIndex = 0; };
		20D0ECF745674B46A32B3727 /* PlayfairDisplay-VariableFont_wght.ttf */ = {isa = PBXFileReference; name = "PlayfairDisplay-VariableFont_wght.ttf"; path = "../src/assets/fonts/Playfair_Display/PlayfairDisplay-VariableFont_wght.ttf"; sourceTree = "<group>"; fileEncoding = undefined; lastKnownFileType = unknown; explicitFileType = undefined; includeInIndex = 0; };
		84E41A46022F43748D5049FC /* PlayfairDisplay-Black.ttf */ = {isa = PBXFileReference; name = "PlayfairDisplay-Black.ttf"; path = "../src/assets/fonts/Playfair_Display/static/PlayfairDisplay-Black.ttf"; sourceTree = "<group>"; fileEncoding = undefined; lastKnownFileType = unknown; explicitFileType = undefined; includeInIndex = 0; };
		A8F13E0087134358B4BFC8E8 /* PlayfairDisplay-BlackItalic.ttf */ = {isa = PBXFileReference; name = "PlayfairDisplay-BlackItalic.ttf"; path = "../src/assets/fonts/Playfair_Display/static/PlayfairDisplay-BlackItalic.ttf"; sourceTree = "<group>"; fileEncoding = undefined; lastKnownFileType = unknown; explicitFileType = undefined; includeInIndex = 0; };
		2CA1E5D3F01F425AA0CC5CB6 /* PlayfairDisplay-Bold.ttf */ = {isa = PBXFileReference; name = "PlayfairDisplay-Bold.ttf"; path = "../src/assets/fonts/Playfair_Display/static/PlayfairDisplay-Bold.ttf"; sourceTree = "<group>"; fileEncoding = undefined; lastKnownFileType = unknown; explicitFileType = undefined; includeInIndex = 0; };
		A9E06C0D27D8428DA147D561 /* PlayfairDisplay-BoldItalic.ttf */ = {isa = PBXFileReference; name = "PlayfairDisplay-BoldItalic.ttf"; path = "../src/assets/fonts/Playfair_Display/static/PlayfairDisplay-BoldItalic.ttf"; sourceTree = "<group>"; fileEncoding = undefined; lastKnownFileType = unknown; explicitFileType = undefined; includeInIndex = 0; };
		7F4EB2A1573F453B975FB963 /* PlayfairDisplay-ExtraBold.ttf */ = {isa = PBXFileReference; name = "PlayfairDisplay-ExtraBold.ttf"; path = "../src/assets/fonts/Playfair_Display/static/PlayfairDisplay-ExtraBold.ttf"; sourceTree = "<group>"; fileEncoding = undefined; lastKnownFileType = unknown; explicitFileType = undefined; includeInIndex = 0; };
		D8AE3A0D046B4CD3ADF5E332 /* PlayfairDisplay-ExtraBoldItalic.ttf */ = {isa = PBXFileReference; name = "PlayfairDisplay-ExtraBoldItalic.ttf"; path = "../src/assets/fonts/Playfair_Display/static/PlayfairDisplay-ExtraBoldItalic.ttf"; sourceTree = "<group>"; fileEncoding = undefined; lastKnownFileType = unknown; explicitFileType = undefined; includeInIndex = 0; };
		3DDA9FD137694351AA97856F /* PlayfairDisplay-Italic.ttf */ = {isa = PBXFileReference; name = "PlayfairDisplay-Italic.ttf"; path = "../src/assets/fonts/Playfair_Display/static/PlayfairDisplay-Italic.ttf"; sourceTree = "<group>"; fileEncoding = undefined; lastKnownFileType = unknown; explicitFileType = undefined; includeInIndex = 0; };
		91F5961B86F94283AB041E1C /* PlayfairDisplay-Medium.ttf */ = {isa = PBXFileReference; name = "PlayfairDisplay-Medium.ttf"; path = "../src/assets/fonts/Playfair_Display/static/PlayfairDisplay-Medium.ttf"; sourceTree = "<group>"; fileEncoding = undefined; lastKnownFileType = unknown; explicitFileType = undefined; includeInIndex = 0; };
		E784BD849AF5480EA90F901C /* PlayfairDisplay-MediumItalic.ttf */ = {isa = PBXFileReference; name = "PlayfairDisplay-MediumItalic.ttf"; path = "../src/assets/fonts/Playfair_Display/static/PlayfairDisplay-MediumItalic.ttf"; sourceTree = "<group>"; fileEncoding = undefined; lastKnownFileType = unknown; explicitFileType = undefined; includeInIndex = 0; };
		683B89088815449E9B729A7E /* PlayfairDisplay-Regular.ttf */ = {isa = PBXFileReference; name = "PlayfairDisplay-Regular.ttf"; path = "../src/assets/fonts/Playfair_Display/static/PlayfairDisplay-Regular.ttf"; sourceTree = "<group>"; fileEncoding = undefined; lastKnownFileType = unknown; explicitFileType = undefined; includeInIndex = 0; };
		3E5CB6A776B741D7A7188FB3 /* PlayfairDisplay-SemiBold.ttf */ = {isa = PBXFileReference; name = "PlayfairDisplay-SemiBold.ttf"; path = "../src/assets/fonts/Playfair_Display/static/PlayfairDisplay-SemiBold.ttf"; sourceTree = "<group>"; fileEncoding = undefined; lastKnownFileType = unknown; explicitFileType = undefined; includeInIndex = 0; };
		EC7287CF6F25488C89ACD71E /* PlayfairDisplay-SemiBoldItalic.ttf */ = {isa = PBXFileReference; name = "PlayfairDisplay-SemiBoldItalic.ttf"; path = "../src/assets/fonts/Playfair_Display/static/PlayfairDisplay-SemiBoldItalic.ttf"; sourceTree = "<group>"; fileEncoding = undefined; lastKnownFileType = unknown; explicitFileType = undefined; includeInIndex = 0; };
		38D1A41DF0D6494D9CFEB0AD /* Roboto-Black.ttf */ = {isa = PBXFileReference; name = "Roboto-Black.ttf"; path = "../src/assets/fonts/Roboto/Roboto-Black.ttf"; sourceTree = "<group>"; fileEncoding = undefined; lastKnownFileType = unknown; explicitFileType = undefined; includeInIndex = 0; };
		FA6DF1617D224F88B258074A /* Roboto-BlackItalic.ttf */ = {isa = PBXFileReference; name = "Roboto-BlackItalic.ttf"; path = "../src/assets/fonts/Roboto/Roboto-BlackItalic.ttf"; sourceTree = "<group>"; fileEncoding = undefined; lastKnownFileType = unknown; explicitFileType = undefined; includeInIndex = 0; };
		F7FBA4FC848E46DAB24D5BAD /* Roboto-Bold.ttf */ = {isa = PBXFileReference; name = "Roboto-Bold.ttf"; path = "../src/assets/fonts/Roboto/Roboto-Bold.ttf"; sourceTree = "<group>"; fileEncoding = undefined; lastKnownFileType = unknown; explicitFileType = undefined; includeInIndex = 0; };
		1402ADE3E67F4EFDBDF9A972 /* Roboto-BoldItalic.ttf */ = {isa = PBXFileReference; name = "Roboto-BoldItalic.ttf"; path = "../src/assets/fonts/Roboto/Roboto-BoldItalic.ttf"; sourceTree = "<group>"; fileEncoding = undefined; lastKnownFileType = unknown; explicitFileType = undefined; includeInIndex = 0; };
		C15E4FCEF2CE44818BCEDF59 /* Roboto-Italic.ttf */ = {isa = PBXFileReference; name = "Roboto-Italic.ttf"; path = "../src/assets/fonts/Roboto/Roboto-Italic.ttf"; sourceTree = "<group>"; fileEncoding = undefined; lastKnownFileType = unknown; explicitFileType = undefined; includeInIndex = 0; };
		26E8C3D7498442E58ECE5802 /* Roboto-Light.ttf */ = {isa = PBXFileReference; name = "Roboto-Light.ttf"; path = "../src/assets/fonts/Roboto/Roboto-Light.ttf"; sourceTree = "<group>"; fileEncoding = undefined; lastKnownFileType = unknown; explicitFileType = undefined; includeInIndex = 0; };
		DF3C1647BCC74A979E5C170A /* Roboto-LightItalic.ttf */ = {isa = PBXFileReference; name = "Roboto-LightItalic.ttf"; path = "../src/assets/fonts/Roboto/Roboto-LightItalic.ttf"; sourceTree = "<group>"; fileEncoding = undefined; lastKnownFileType = unknown; explicitFileType = undefined; includeInIndex = 0; };
		3DB03D577C6048378499AB76 /* Roboto-Medium.ttf */ = {isa = PBXFileReference; name = "Roboto-Medium.ttf"; path = "../src/assets/fonts/Roboto/Roboto-Medium.ttf"; sourceTree = "<group>"; fileEncoding = undefined; lastKnownFileType = unknown; explicitFileType = undefined; includeInIndex = 0; };
		9EB6A55BCFD34E0ABAAEDF59 /* Roboto-MediumItalic.ttf */ = {isa = PBXFileReference; name = "Roboto-MediumItalic.ttf"; path = "../src/assets/fonts/Roboto/Roboto-MediumItalic.ttf"; sourceTree = "<group>"; fileEncoding = undefined; lastKnownFileType = unknown; explicitFileType = undefined; includeInIndex = 0; };
		FED11C6CC11A4A95825F63DA /* Roboto-Regular.ttf */ = {isa = PBXFileReference; name = "Roboto-Regular.ttf"; path = "../src/assets/fonts/Roboto/Roboto-Regular.ttf"; sourceTree = "<group>"; fileEncoding = undefined; lastKnownFileType = unknown; explicitFileType = undefined; includeInIndex = 0; };
		AF7848E2F301417DA4580632 /* Roboto-Thin.ttf */ = {isa = PBXFileReference; name = "Roboto-Thin.ttf"; path = "../src/assets/fonts/Roboto/Roboto-Thin.ttf"; sourceTree = "<group>"; fileEncoding = undefined; lastKnownFileType = unknown; explicitFileType = undefined; includeInIndex = 0; };
		6005E5D4031D4D79AF922DB9 /* Roboto-ThinItalic.ttf */ = {isa = PBXFileReference; name = "Roboto-ThinItalic.ttf"; path = "../src/assets/fonts/Roboto/Roboto-ThinItalic.ttf"; sourceTree = "<group>"; fileEncoding = undefined; lastKnownFileType = unknown; explicitFileType = undefined; includeInIndex = 0; };
		1A263FD00E0B42D2A616970A /* TiltNeon-Regular-VariableFont_XROT,YROT.ttf */ = {isa = PBXFileReference; name = "TiltNeon-Regular-VariableFont_XROT,YROT.ttf"; path = "../src/assets/fonts/Tilt_Neon/TiltNeon-Regular-VariableFont_XROT,YROT.ttf"; sourceTree = "<group>"; fileEncoding = undefined; lastKnownFileType = unknown; explicitFileType = undefined; includeInIndex = 0; };
		B35F74C747BC48C6B92E7F35 /* TiltNeon-Regular.ttf */ = {isa = PBXFileReference; name = "TiltNeon-Regular.ttf"; path = "../src/assets/fonts/Tilt_Neon/static/TiltNeon-Regular.ttf"; sourceTree = "<group>"; fileEncoding = undefined; lastKnownFileType = unknown; explicitFileType = undefined; includeInIndex = 0; };
		6C7B7D5ADE284C0BA1BBB109 /* Ubuntu-Bold.ttf */ = {isa = PBXFileReference; name = "Ubuntu-Bold.ttf"; path = "../src/assets/fonts/Ubuntu/Ubuntu-Bold.ttf"; sourceTree = "<group>"; fileEncoding = undefined; lastKnownFileType = unknown; explicitFileType = undefined; includeInIndex = 0; };
		175E44D6ED2B45D99C711F53 /* Ubuntu-BoldItalic.ttf */ = {isa = PBXFileReference; name = "Ubuntu-BoldItalic.ttf"; path = "../src/assets/fonts/Ubuntu/Ubuntu-BoldItalic.ttf"; sourceTree = "<group>"; fileEncoding = undefined; lastKnownFileType = unknown; explicitFileType = undefined; includeInIndex = 0; };
		9BFC448F6D134ECAB7A70DC6 /* Ubuntu-Italic.ttf */ = {isa = PBXFileReference; name = "Ubuntu-Italic.ttf"; path = "../src/assets/fonts/Ubuntu/Ubuntu-Italic.ttf"; sourceTree = "<group>"; fileEncoding = undefined; lastKnownFileType = unknown; explicitFileType = undefined; includeInIndex = 0; };
		C24E980FE8ED44349B4A8229 /* Ubuntu-Light.ttf */ = {isa = PBXFileReference; name = "Ubuntu-Light.ttf"; path = "../src/assets/fonts/Ubuntu/Ubuntu-Light.ttf"; sourceTree = "<group>"; fileEncoding = undefined; lastKnownFileType = unknown; explicitFileType = undefined; includeInIndex = 0; };
		49F014C41E15433F9500D3C9 /* Ubuntu-LightItalic.ttf */ = {isa = PBXFileReference; name = "Ubuntu-LightItalic.ttf"; path = "../src/assets/fonts/Ubuntu/Ubuntu-LightItalic.ttf"; sourceTree = "<group>"; fileEncoding = undefined; lastKnownFileType = unknown; explicitFileType = undefined; includeInIndex = 0; };
		29FDBDBB0DD04772BD8E2CE2 /* Ubuntu-Medium.ttf */ = {isa = PBXFileReference; name = "Ubuntu-Medium.ttf"; path = "../src/assets/fonts/Ubuntu/Ubuntu-Medium.ttf"; sourceTree = "<group>"; fileEncoding = undefined; lastKnownFileType = unknown; explicitFileType = undefined; includeInIndex = 0; };
		06D83970144A43B8A744CE82 /* Ubuntu-MediumItalic.ttf */ = {isa = PBXFileReference; name = "Ubuntu-MediumItalic.ttf"; path = "../src/assets/fonts/Ubuntu/Ubuntu-MediumItalic.ttf"; sourceTree = "<group>"; fileEncoding = undefined; lastKnownFileType = unknown; explicitFileType = undefined; includeInIndex = 0; };
		CC154FD9F324481FB1752AF1 /* Ubuntu-Regular.ttf */ = {isa = PBXFileReference; name = "Ubuntu-Regular.ttf"; path = "../src/assets/fonts/Ubuntu/Ubuntu-Regular.ttf"; sourceTree = "<group>"; fileEncoding = undefined; lastKnownFileType = unknown; explicitFileType = undefined; includeInIndex = 0; };
		03E658589DF74025AE5A01FB /* OFL.txt */ = {isa = PBXFileReference; name = "OFL.txt"; path = "../src/assets/fonts/Dancing_Script/OFL.txt"; sourceTree = "<group>"; fileEncoding = undefined; lastKnownFileType = unknown; explicitFileType = undefined; includeInIndex = 0; };
		FBF9BC33FF644F0F995B4784 /* README.txt */ = {isa = PBXFileReference; name = "README.txt"; path = "../src/assets/fonts/Dancing_Script/README.txt"; sourceTree = "<group>"; fileEncoding = undefined; lastKnownFileType = unknown; explicitFileType = undefined; includeInIndex = 0; };
		2E1BB45355F849BC9B92481B /* LICENSE.txt */ = {isa = PBXFileReference; name = "LICENSE.txt"; path = "../src/assets/fonts/Roboto/LICENSE.txt"; sourceTree = "<group>"; fileEncoding = undefined; lastKnownFileType = unknown; explicitFileType = undefined; includeInIndex = 0; };
		E1EC6909FE334CEDB1BA468F /* UFL.txt */ = {isa = PBXFileReference; name = "UFL.txt"; path = "../src/assets/fonts/Ubuntu/UFL.txt"; sourceTree = "<group>"; fileEncoding = undefined; lastKnownFileType = unknown; explicitFileType = undefined; includeInIndex = 0; };
/* End PBXFileReference section */

/* Begin PBXFrameworksBuildPhase section */
		00E356EB1AD99517003FC87E /* Frameworks */ = {
			isa = PBXFrameworksBuildPhase;
			buildActionMask = 2147483647;
			files = (
				EB947C60F3F49E4D45AD7441 /* libPods-DLHF_Member-DLHF_MemberTests.a in Frameworks */,
			);
			runOnlyForDeploymentPostprocessing = 0;
		};
		13B07F8C1A680F5B00A75B9A /* Frameworks */ = {
			isa = PBXFrameworksBuildPhase;
			buildActionMask = 2147483647;
			files = (
				AEF9F3C73CFF8F5C17898289 /* libPods-DLHF_Member.a in Frameworks */,
			);
			runOnlyForDeploymentPostprocessing = 0;
		};
/* End PBXFrameworksBuildPhase section */

/* Begin PBXGroup section */
		00E356EF1AD99517003FC87E /* DLHF_MemberTests */ = {
			isa = PBXGroup;
			children = (
				00E356F21AD99517003FC87E /* DLHF_MemberTests.m */,
				00E356F01AD99517003FC87E /* Supporting Files */,
			);
			path = DLHF_MemberTests;
			sourceTree = "<group>";
		};
		00E356F01AD99517003FC87E /* Supporting Files */ = {
			isa = PBXGroup;
			children = (
				00E356F11AD99517003FC87E /* Info.plist */,
			);
			name = "Supporting Files";
			sourceTree = "<group>";
		};
		13B07FAE1A68108700A75B9A /* DLHF_Member */ = {
			isa = PBXGroup;
			children = (
				13B07FAF1A68108700A75B9A /* AppDelegate.h */,
				13B07FB01A68108700A75B9A /* AppDelegate.mm */,
				13B07FB51A68108700A75B9A /* Images.xcassets */,
				81AB9BB72411601600AC10FF /* LaunchScreen.storyboard */,
				13B07FB71A68108700A75B9A /* main.m */,
			);
			name = DLHF_Member;
			sourceTree = "<group>";
		};
		2D16E6871FA4F8E400B85C8A /* Frameworks */ = {
			isa = PBXGroup;
			children = (
				ED297162215061F000B7C4FE /* JavaScriptCore.framework */,
				4BF837B73CCBE47708AD4307 /* libPods-DLHF_Member.a */,
				3E41365A3D2CA61D1A2F27CF /* libPods-DLHF_Member-DLHF_MemberTests.a */,
			);
			name = Frameworks;
			sourceTree = "<group>";
		};
		832341AE1AAA6A7D00B99B32 /* Libraries */ = {
			isa = PBXGroup;
			children = (
			);
			name = Libraries;
			sourceTree = "<group>";
		};
		83CBB9F61A601CBA00E9B192 = {
			isa = PBXGroup;
			children = (
				13B07FAE1A68108700A75B9A /* DLHF_Member */,
				832341AE1AAA6A7D00B99B32 /* Libraries */,
				00E356EF1AD99517003FC87E /* DLHF_MemberTests */,
				83CBBA001A601CBA00E9B192 /* Products */,
				2D16E6871FA4F8E400B85C8A /* Frameworks */,
				BBD78D7AC51CEA395F1C20DB /* Pods */,
				C809DA71C872469C92DFD90E /* Resources */,
			);
			indentWidth = 2;
			sourceTree = "<group>";
			tabWidth = 2;
			usesTabs = 0;
		};
		83CBBA001A601CBA00E9B192 /* Products */ = {
			isa = PBXGroup;
			children = (
				13B07F961A680F5B00A75B9A /* DLHF_Member.app */,
				00E356EE1AD99517003FC87E /* DLHF_MemberTests.xctest */,
			);
			name = Products;
			sourceTree = "<group>";
		};
		BBD78D7AC51CEA395F1C20DB /* Pods */ = {
			isa = PBXGroup;
			children = (
				842ED8986517684B6106B3F1 /* Pods-DLHF_Member.debug.xcconfig */,
				3A23FA35E62A963E89BC09AD /* Pods-DLHF_Member.release.xcconfig */,
				D17D37C46C210AE7197288ED /* Pods-DLHF_MemberTests.debug.xcconfig */,
				94C18E6733F4F97B98D71195 /* Pods-DLHF_MemberTests.release.xcconfig */,
				42319C68988E6C27CD70FA90 /* Pods-DLHF_Member-DLHF_MemberTests.debug.xcconfig */,
				3C9B42460A878E946B5A21DB /* Pods-DLHF_Member-DLHF_MemberTests.release.xcconfig */,
			);
			path = Pods;
			sourceTree = "<group>";
		};
		C809DA71C872469C92DFD90E /* Resources */ = {
			isa = PBXGroup;
			children = (
				E2F7FE84B5C94BC5B54E9A21 /* Merriweather-Black.ttf */,
				D68E3F23247F40B4BAC62B00 /* Merriweather-BlackItalic.ttf */,
				9EB400D5E92243E983A5F8E4 /* Merriweather-Bold.ttf */,
				9A48A5DD3EED4C1E9E55FE34 /* Merriweather-BoldItalic.ttf */,
				F6D473AD520540EBAB016542 /* Merriweather-Italic.ttf */,
				A7CCC25DCADF479DB6D381B2 /* Merriweather-Light.ttf */,
				345A79A19E2847CEAB5DA873 /* Merriweather-LightItalic.ttf */,
				29119ECC27BC46478E0E34EA /* Merriweather-Regular.ttf */,
				FC00D6BC9DD04521BB76BAF8 /* DancingScript-VariableFont_wght.ttf */,
				7EB1C949EA774D2BAD18CD67 /* DancingScript-Bold.ttf */,
				BE8DD4535AE74B8AA998DFAF /* DancingScript-Medium.ttf */,
				54C324D293C945E8B8A6CC6F /* DancingScript-Regular.ttf */,
				F58427EBC6D94576B31BB2D7 /* DancingScript-SemiBold.ttf */,
				06C682E316A245AE9FD0238A /* Mukta-Bold.ttf */,
				772F09AFEEC34BE1BB0217BB /* Mukta-ExtraBold.ttf */,
				0A3DB958EE02442CA8C38460 /* Mukta-ExtraLight.ttf */,
				128260A8507E4A5196341750 /* Mukta-Light.ttf */,
				B0D3B9F2F2344E4AB9E8E09C /* Mukta-Medium.ttf */,
				C418CB7D62DC4138A63F2F96 /* Mukta-Regular.ttf */,
				05A8442B205640BE961B20C0 /* Mukta-SemiBold.ttf */,
				E8969953A76245A7B3A0D7F4 /* Oswald-VariableFont_wght.ttf */,
				F592C2EC8AC0471E94DEB564 /* Oswald-Bold.ttf */,
				28700EE9160043568AFBCFB4 /* Oswald-ExtraLight.ttf */,
				3FE5E8B48D2E41708542218D /* Oswald-Light.ttf */,
				4C4BB1744FD645F784E48C96 /* Oswald-Medium.ttf */,
				3B750AB9BE9B403C8B50E708 /* Oswald-Regular.ttf */,
				F0A7F396BCFB4CAA8B8371F2 /* Oswald-SemiBold.ttf */,
				6650A8B6B8B84862B3C820DE /* PlayfairDisplay-Italic-VariableFont_wght.ttf */,
				20D0ECF745674B46A32B3727 /* PlayfairDisplay-VariableFont_wght.ttf */,
				84E41A46022F43748D5049FC /* PlayfairDisplay-Black.ttf */,
				A8F13E0087134358B4BFC8E8 /* PlayfairDisplay-BlackItalic.ttf */,
				2CA1E5D3F01F425AA0CC5CB6 /* PlayfairDisplay-Bold.ttf */,
				A9E06C0D27D8428DA147D561 /* PlayfairDisplay-BoldItalic.ttf */,
				7F4EB2A1573F453B975FB963 /* PlayfairDisplay-ExtraBold.ttf */,
				D8AE3A0D046B4CD3ADF5E332 /* PlayfairDisplay-ExtraBoldItalic.ttf */,
				3DDA9FD137694351AA97856F /* PlayfairDisplay-Italic.ttf */,
				91F5961B86F94283AB041E1C /* PlayfairDisplay-Medium.ttf */,
				E784BD849AF5480EA90F901C /* PlayfairDisplay-MediumItalic.ttf */,
				683B89088815449E9B729A7E /* PlayfairDisplay-Regular.ttf */,
				3E5CB6A776B741D7A7188FB3 /* PlayfairDisplay-SemiBold.ttf */,
				EC7287CF6F25488C89ACD71E /* PlayfairDisplay-SemiBoldItalic.ttf */,
				38D1A41DF0D6494D9CFEB0AD /* Roboto-Black.ttf */,
				FA6DF1617D224F88B258074A /* Roboto-BlackItalic.ttf */,
				F7FBA4FC848E46DAB24D5BAD /* Roboto-Bold.ttf */,
				1402ADE3E67F4EFDBDF9A972 /* Roboto-BoldItalic.ttf */,
				C15E4FCEF2CE44818BCEDF59 /* Roboto-Italic.ttf */,
				26E8C3D7498442E58ECE5802 /* Roboto-Light.ttf */,
				DF3C1647BCC74A979E5C170A /* Roboto-LightItalic.ttf */,
				3DB03D577C6048378499AB76 /* Roboto-Medium.ttf */,
				9EB6A55BCFD34E0ABAAEDF59 /* Roboto-MediumItalic.ttf */,
				FED11C6CC11A4A95825F63DA /* Roboto-Regular.ttf */,
				AF7848E2F301417DA4580632 /* Roboto-Thin.ttf */,
				6005E5D4031D4D79AF922DB9 /* Roboto-ThinItalic.ttf */,
				1A263FD00E0B42D2A616970A /* TiltNeon-Regular-VariableFont_XROT,YROT.ttf */,
				B35F74C747BC48C6B92E7F35 /* TiltNeon-Regular.ttf */,
				6C7B7D5ADE284C0BA1BBB109 /* Ubuntu-Bold.ttf */,
				175E44D6ED2B45D99C711F53 /* Ubuntu-BoldItalic.ttf */,
				9BFC448F6D134ECAB7A70DC6 /* Ubuntu-Italic.ttf */,
				C24E980FE8ED44349B4A8229 /* Ubuntu-Light.ttf */,
				49F014C41E15433F9500D3C9 /* Ubuntu-LightItalic.ttf */,
				29FDBDBB0DD04772BD8E2CE2 /* Ubuntu-Medium.ttf */,
				06D83970144A43B8A744CE82 /* Ubuntu-MediumItalic.ttf */,
				CC154FD9F324481FB1752AF1 /* Ubuntu-Regular.ttf */,
				03E658589DF74025AE5A01FB /* OFL.txt */,
				FBF9BC33FF644F0F995B4784 /* README.txt */,
				2E1BB45355F849BC9B92481B /* LICENSE.txt */,
				E1EC6909FE334CEDB1BA468F /* UFL.txt */,
			);
			name = Resources;
			sourceTree = "<group>";
		};
/* End PBXGroup section */

/* Begin PBXNativeTarget section */
		00E356ED1AD99517003FC87E /* DLHF_MemberTests */ = {
			isa = PBXNativeTarget;
			buildConfigurationList = 00E357021AD99517003FC87E /* Build configuration list for PBXNativeTarget "DLHF_MemberTests" */;
			buildPhases = (
				2C0F7207CEA114131063BA03 /* [CP] Check Pods Manifest.lock */,
				00E356EA1AD99517003FC87E /* Sources */,
				00E356EB1AD99517003FC87E /* Frameworks */,
				00E356EC1AD99517003FC87E /* Resources */,
				245E3C0E6F51CDAE579988BB /* [CP] Embed Pods Frameworks */,
				1F6196E5F61B6D5638530038 /* [CP] Copy Pods Resources */,
			);
			buildRules = (
			);
			dependencies = (
				00E356F51AD99517003FC87E /* PBXTargetDependency */,
			);
			name = DLHF_MemberTests;
			productName = DLHF_MemberTests;
			productReference = 00E356EE1AD99517003FC87E /* DLHF_MemberTests.xctest */;
			productType = "com.apple.product-type.bundle.unit-test";
		};
		13B07F861A680F5B00A75B9A /* DLHF_Member */ = {
			isa = PBXNativeTarget;
			buildConfigurationList = 13B07F931A680F5B00A75B9A /* Build configuration list for PBXNativeTarget "DLHF_Member" */;
			buildPhases = (
				80B3CC733246BD1571CCD82A /* [CP] Check Pods Manifest.lock */,
				FD10A7F022414F080027D42C /* Start Packager */,
				13B07F871A680F5B00A75B9A /* Sources */,
				13B07F8C1A680F5B00A75B9A /* Frameworks */,
				00DD1BFF1BD5951E006B06BC /* Bundle React Native code and images */,
				4F278AB22FC389B64660ECB6 /* [CP] Embed Pods Frameworks */,
				10F97FC6D1B97184D6BF913A /* [CP] Copy Pods Resources */,
				1FBF95AA2ACD267B00BFCAF7 /* Resources */,
			);
			buildRules = (
			);
			dependencies = (
			);
			name = DLHF_Member;
			productName = DLHF_Member;
			productReference = 13B07F961A680F5B00A75B9A /* DLHF_Member.app */;
			productType = "com.apple.product-type.application";
		};
/* End PBXNativeTarget section */

/* Begin PBXProject section */
		83CBB9F71A601CBA00E9B192 /* Project object */ = {
			isa = PBXProject;
			attributes = {
				LastUpgradeCheck = 1210;
				TargetAttributes = {
					00E356ED1AD99517003FC87E = {
						CreatedOnToolsVersion = 6.2;
						TestTargetID = 13B07F861A680F5B00A75B9A;
					};
					13B07F861A680F5B00A75B9A = {
						LastSwiftMigration = 1120;
					};
				};
			};
			buildConfigurationList = 83CBB9FA1A601CBA00E9B192 /* Build configuration list for PBXProject "DLHF_Member" */;
			compatibilityVersion = "Xcode 12.0";
			developmentRegion = en;
			hasScannedForEncodings = 0;
			knownRegions = (
				en,
				Base,
			);
			mainGroup = 83CBB9F61A601CBA00E9B192;
			productRefGroup = 83CBBA001A601CBA00E9B192 /* Products */;
			projectDirPath = "";
			projectRoot = "";
			targets = (
				13B07F861A680F5B00A75B9A /* DLHF_Member */,
				00E356ED1AD99517003FC87E /* DLHF_MemberTests */,
			);
		};
/* End PBXProject section */

/* Begin PBXResourcesBuildPhase section */
		00E356EC1AD99517003FC87E /* Resources */ = {
			isa = PBXResourcesBuildPhase;
			buildActionMask = 2147483647;
			files = (
				BD692AD756FE42038B87AF5E /* DancingScript-Bold.ttf in Resources */,
				1F62BC962AD4F6B300E39C44 /* Images.xcassets in Resources */,
				F712AD66805740878CFAE5A1 /* DancingScript-Medium.ttf in Resources */,
				6582FA70F7D94AE8A325066F /* DancingScript-Regular.ttf in Resources */,
				AE29F8206C6B4FD8BA1EC4AF /* DancingScript-SemiBold.ttf in Resources */,
				3AF0309047EE4FD5B0081564 /* Oswald-Bold.ttf in Resources */,
				6098745185C8405F87DCE8B4 /* Oswald-ExtraLight.ttf in Resources */,
				1125DA12A9674EF2B0887C8A /* Oswald-Light.ttf in Resources */,
				51C028639D034BDD8A076A77 /* Oswald-Medium.ttf in Resources */,
				59907B0D34594B498BDDEC3E /* Oswald-Regular.ttf in Resources */,
				50110747DCF1478FA31F162E /* Oswald-SemiBold.ttf in Resources */,
				472DB0F0E43844699F12E6CF /* PlayfairDisplay-Black.ttf in Resources */,
				EFD1CB9A93C844A1ADDE09CA /* PlayfairDisplay-BlackItalic.ttf in Resources */,
				391E521256704A83B5581852 /* PlayfairDisplay-Bold.ttf in Resources */,
				6BDD55E28BA546C28369840A /* PlayfairDisplay-BoldItalic.ttf in Resources */,
				FE24599800D145D9AF2209C6 /* PlayfairDisplay-ExtraBold.ttf in Resources */,
				625A8674C16E4CD0B436DDE3 /* PlayfairDisplay-ExtraBoldItalic.ttf in Resources */,
				3F3797930FCF4FF1A55BD616 /* PlayfairDisplay-Italic.ttf in Resources */,
				72030C5DEA1D426BA34C83C4 /* PlayfairDisplay-Medium.ttf in Resources */,
				A4054BCAFCFE466A8FE90E24 /* PlayfairDisplay-MediumItalic.ttf in Resources */,
				525EF032E7D7468A81032380 /* PlayfairDisplay-Regular.ttf in Resources */,
				BCE1CD2F023344F9BD6550AC /* PlayfairDisplay-SemiBold.ttf in Resources */,
				27EAB72039904FCD914127FA /* PlayfairDisplay-SemiBoldItalic.ttf in Resources */,
			);
			runOnlyForDeploymentPostprocessing = 0;
		};
		1FBF95AA2ACD267B00BFCAF7 /* Resources */ = {
			isa = PBXResourcesBuildPhase;
			buildActionMask = 2147483647;
			files = (
				1F62BC952AD4F6A700E39C44 /* Images.xcassets in Resources */,
				5C5C7CDBAEFD4E8DABE49231 /* Merriweather-Black.ttf in Resources */,
				46B751C424D04CD6AA702EC8 /* Merriweather-BlackItalic.ttf in Resources */,
				DB48010D5AE142928B06AD2D /* Merriweather-Bold.ttf in Resources */,
				CD5BFEBC80B940DAA3CC6A90 /* Merriweather-BoldItalic.ttf in Resources */,
				33CE73C77F094B9E90A57A44 /* Merriweather-Italic.ttf in Resources */,
				148CADDA6B394CCA871CF42A /* Merriweather-Light.ttf in Resources */,
				00DD4D1401A645189D51B3FE /* Merriweather-LightItalic.ttf in Resources */,
				14340A9CFB264CF0937C4BD6 /* Merriweather-Regular.ttf in Resources */,
				67E4236B4F0E4142A8995563 /* DancingScript-VariableFont_wght.ttf in Resources */,
				A857BD4D411243C78B9A86E0 /* DancingScript-Bold.ttf in Resources */,
				FA7775442E1849839DB0C642 /* DancingScript-Medium.ttf in Resources */,
				E563256160074696A8E42F5A /* DancingScript-Regular.ttf in Resources */,
				4ECCE17025454F85A808DAFF /* DancingScript-SemiBold.ttf in Resources */,
				91A5ADCCCB204ADDAF2BED9A /* Mukta-Bold.ttf in Resources */,
				E7E8DBB7686343E6AC76D61B /* Mukta-ExtraBold.ttf in Resources */,
				6AEB96C776D14B8FA0DB92F5 /* Mukta-ExtraLight.ttf in Resources */,
				B6B42EB35A0A4902B6EC7DE7 /* Mukta-Light.ttf in Resources */,
				00E8572652704E59B9338D7D /* Mukta-Medium.ttf in Resources */,
				E7CC4BD8A55444A0970A5AF0 /* Mukta-Regular.ttf in Resources */,
				B64FED65507046529DDC9BD4 /* Mukta-SemiBold.ttf in Resources */,
				F35F7137EA7D414880F8B6E3 /* Oswald-VariableFont_wght.ttf in Resources */,
				375B148F600441539FE85FA2 /* Oswald-Bold.ttf in Resources */,
				57675B785D8D4984A11BC5D4 /* Oswald-ExtraLight.ttf in Resources */,
				5A73585325AC4B97B4292ABE /* Oswald-Light.ttf in Resources */,
				DED3F86D56B54A0B809F8FC0 /* Oswald-Medium.ttf in Resources */,
				5D23417F63F54907A8B38D76 /* Oswald-Regular.ttf in Resources */,
				B9E548A1ACC74604A102FA0F /* Oswald-SemiBold.ttf in Resources */,
				537C4F2153564D41A595FF65 /* PlayfairDisplay-Italic-VariableFont_wght.ttf in Resources */,
				F7FF6E2CDC5F46F39D2A78E7 /* PlayfairDisplay-VariableFont_wght.ttf in Resources */,
				8B455BD5B5CC4D31893F7E3B /* PlayfairDisplay-Black.ttf in Resources */,
				7819E30B88B14E4988531440 /* PlayfairDisplay-BlackItalic.ttf in Resources */,
				4A07125A2FEA4BCA86FB1270 /* PlayfairDisplay-Bold.ttf in Resources */,
				5F322AD585A5473ABCA60F37 /* PlayfairDisplay-BoldItalic.ttf in Resources */,
				951A005800E8465A99977058 /* PlayfairDisplay-ExtraBold.ttf in Resources */,
				247FEB44B11848BEAFE7867C /* PlayfairDisplay-ExtraBoldItalic.ttf in Resources */,
				91EBBA4692E84BE9AAA984E6 /* PlayfairDisplay-Italic.ttf in Resources */,
				973957393A994C32A26FE547 /* PlayfairDisplay-Medium.ttf in Resources */,
				A636F4B5BAC9474D9352659E /* PlayfairDisplay-MediumItalic.ttf in Resources */,
				6243637C0F884FB48018A6CC /* PlayfairDisplay-Regular.ttf in Resources */,
				392D8A9AE07C4EE08CB6CD3E /* PlayfairDisplay-SemiBold.ttf in Resources */,
				65DE395276994A46B7A0C293 /* PlayfairDisplay-SemiBoldItalic.ttf in Resources */,
				4A7294FA36D744F98519F4E3 /* Roboto-Black.ttf in Resources */,
				141BF4BD55C94658A121808C /* Roboto-BlackItalic.ttf in Resources */,
				A6624FCA0E894662BBF38A2B /* Roboto-Bold.ttf in Resources */,
				B7E86675C0664263841083C8 /* Roboto-BoldItalic.ttf in Resources */,
				10A98A5BDDB54FA79AEC599E /* Roboto-Italic.ttf in Resources */,
				9F0CD2F28B974C439B1EA4DE /* Roboto-Light.ttf in Resources */,
				C7B21D629FD747BA8C9662A7 /* Roboto-LightItalic.ttf in Resources */,
				846914DC374F4121B7545B41 /* Roboto-Medium.ttf in Resources */,
				349F7D86A7E645169C9FBD7D /* Roboto-MediumItalic.ttf in Resources */,
				505E2FDF13054C648DC04D95 /* Roboto-Regular.ttf in Resources */,
				22518CFD12274DBFBCE55235 /* Roboto-Thin.ttf in Resources */,
				CE5FC2272E304A2CA259B366 /* Roboto-ThinItalic.ttf in Resources */,
				507822B2BC094B2AA825545D /* TiltNeon-Regular-VariableFont_XROT,YROT.ttf in Resources */,
				04C09C355CFE4016B961C3C3 /* TiltNeon-Regular.ttf in Resources */,
				0F260F47DC204904A0DF19AF /* Ubuntu-Bold.ttf in Resources */,
				B233955535EE44B797426BD6 /* Ubuntu-BoldItalic.ttf in Resources */,
				FFD7E6426E0940E3BE8EC14E /* Ubuntu-Italic.ttf in Resources */,
				BBF2389E302C4764A7C63440 /* Ubuntu-Light.ttf in Resources */,
				6D14C7BDA2A24124A387F19B /* Ubuntu-LightItalic.ttf in Resources */,
				D1FA5BD59E404727A56992A1 /* Ubuntu-Medium.ttf in Resources */,
				54D2B7C476644F1EAC6AE5CE /* Ubuntu-MediumItalic.ttf in Resources */,
				CE3A2BBC9EE2478C89D243C4 /* Ubuntu-Regular.ttf in Resources */,
				7FDF61DD51A4438692D6E089 /* OFL.txt in Resources */,
				434CD7A1ED1B4F30943D6901 /* README.txt in Resources */,
				5779D9B4567B40D98CB3909A /* LICENSE.txt in Resources */,
				1D0F63B916B44444A83A640C /* UFL.txt in Resources */,
			);
			runOnlyForDeploymentPostprocessing = 0;
		};
/* End PBXResourcesBuildPhase section */

/* Begin PBXShellScriptBuildPhase section */
		00DD1BFF1BD5951E006B06BC /* Bundle React Native code and images */ = {
			isa = PBXShellScriptBuildPhase;
			buildActionMask = 2147483647;
			files = (
			);
			inputPaths = (
				"$(SRCROOT)/.xcode.env.local",
				"$(SRCROOT)/.xcode.env",
			);
			name = "Bundle React Native code and images";
			outputPaths = (
			);
			runOnlyForDeploymentPostprocessing = 0;
			shellPath = /bin/sh;
			shellScript = "set -e\n\nWITH_ENVIRONMENT=\"../node_modules/react-native/scripts/xcode/with-environment.sh\"\nREACT_NATIVE_XCODE=\"../node_modules/react-native/scripts/react-native-xcode.sh\"\n\n/bin/sh -c \"$WITH_ENVIRONMENT $REACT_NATIVE_XCODE\"\n";
		};
		10F97FC6D1B97184D6BF913A /* [CP] Copy Pods Resources */ = {
			isa = PBXShellScriptBuildPhase;
			buildActionMask = 2147483647;
			files = (
			);
			inputFileListPaths = (
				"${PODS_ROOT}/Target Support Files/Pods-DLHF_Member/Pods-DLHF_Member-resources-${CONFIGURATION}-input-files.xcfilelist",
			);
			name = "[CP] Copy Pods Resources";
			outputFileListPaths = (
				"${PODS_ROOT}/Target Support Files/Pods-DLHF_Member/Pods-DLHF_Member-resources-${CONFIGURATION}-output-files.xcfilelist",
			);
			runOnlyForDeploymentPostprocessing = 0;
			shellPath = /bin/sh;
			shellScript = "\"${PODS_ROOT}/Target Support Files/Pods-DLHF_Member/Pods-DLHF_Member-resources.sh\"\n";
			showEnvVarsInLog = 0;
		};
		1F6196E5F61B6D5638530038 /* [CP] Copy Pods Resources */ = {
			isa = PBXShellScriptBuildPhase;
			buildActionMask = 2147483647;
			files = (
			);
			inputFileListPaths = (
				"${PODS_ROOT}/Target Support Files/Pods-DLHF_Member-DLHF_MemberTests/Pods-DLHF_Member-DLHF_MemberTests-resources-${CONFIGURATION}-input-files.xcfilelist",
			);
			name = "[CP] Copy Pods Resources";
			outputFileListPaths = (
				"${PODS_ROOT}/Target Support Files/Pods-DLHF_Member-DLHF_MemberTests/Pods-DLHF_Member-DLHF_MemberTests-resources-${CONFIGURATION}-output-files.xcfilelist",
			);
			runOnlyForDeploymentPostprocessing = 0;
			shellPath = /bin/sh;
			shellScript = "\"${PODS_ROOT}/Target Support Files/Pods-DLHF_Member-DLHF_MemberTests/Pods-DLHF_Member-DLHF_MemberTests-resources.sh\"\n";
			showEnvVarsInLog = 0;
		};
		245E3C0E6F51CDAE579988BB /* [CP] Embed Pods Frameworks */ = {
			isa = PBXShellScriptBuildPhase;
			buildActionMask = 2147483647;
			files = (
			);
			inputFileListPaths = (
				"${PODS_ROOT}/Target Support Files/Pods-DLHF_Member-DLHF_MemberTests/Pods-DLHF_Member-DLHF_MemberTests-frameworks-${CONFIGURATION}-input-files.xcfilelist",
			);
			name = "[CP] Embed Pods Frameworks";
			outputFileListPaths = (
				"${PODS_ROOT}/Target Support Files/Pods-DLHF_Member-DLHF_MemberTests/Pods-DLHF_Member-DLHF_MemberTests-frameworks-${CONFIGURATION}-output-files.xcfilelist",
			);
			runOnlyForDeploymentPostprocessing = 0;
			shellPath = /bin/sh;
			shellScript = "\"${PODS_ROOT}/Target Support Files/Pods-DLHF_Member-DLHF_MemberTests/Pods-DLHF_Member-DLHF_MemberTests-frameworks.sh\"\n";
			showEnvVarsInLog = 0;
		};
		2C0F7207CEA114131063BA03 /* [CP] Check Pods Manifest.lock */ = {
			isa = PBXShellScriptBuildPhase;
			buildActionMask = 2147483647;
			files = (
			);
			inputFileListPaths = (
			);
			inputPaths = (
				"${PODS_PODFILE_DIR_PATH}/Podfile.lock",
				"${PODS_ROOT}/Manifest.lock",
			);
			name = "[CP] Check Pods Manifest.lock";
			outputFileListPaths = (
			);
			outputPaths = (
				"$(DERIVED_FILE_DIR)/Pods-DLHF_Member-DLHF_MemberTests-checkManifestLockResult.txt",
			);
			runOnlyForDeploymentPostprocessing = 0;
			shellPath = /bin/sh;
			shellScript = "diff \"${PODS_PODFILE_DIR_PATH}/Podfile.lock\" \"${PODS_ROOT}/Manifest.lock\" > /dev/null\nif [ $? != 0 ] ; then\n    # print error to STDERR\n    echo \"error: The sandbox is not in sync with the Podfile.lock. Run 'pod install' or update your CocoaPods installation.\" >&2\n    exit 1\nfi\n# This output is used by Xcode 'outputs' to avoid re-running this script phase.\necho \"SUCCESS\" > \"${SCRIPT_OUTPUT_FILE_0}\"\n";
			showEnvVarsInLog = 0;
		};
		4F278AB22FC389B64660ECB6 /* [CP] Embed Pods Frameworks */ = {
			isa = PBXShellScriptBuildPhase;
			buildActionMask = 2147483647;
			files = (
			);
			inputFileListPaths = (
				"${PODS_ROOT}/Target Support Files/Pods-DLHF_Member/Pods-DLHF_Member-frameworks-${CONFIGURATION}-input-files.xcfilelist",
			);
			name = "[CP] Embed Pods Frameworks";
			outputFileListPaths = (
				"${PODS_ROOT}/Target Support Files/Pods-DLHF_Member/Pods-DLHF_Member-frameworks-${CONFIGURATION}-output-files.xcfilelist",
			);
			runOnlyForDeploymentPostprocessing = 0;
			shellPath = /bin/sh;
			shellScript = "\"${PODS_ROOT}/Target Support Files/Pods-DLHF_Member/Pods-DLHF_Member-frameworks.sh\"\n";
			showEnvVarsInLog = 0;
		};
		80B3CC733246BD1571CCD82A /* [CP] Check Pods Manifest.lock */ = {
			isa = PBXShellScriptBuildPhase;
			buildActionMask = 2147483647;
			files = (
			);
			inputFileListPaths = (
			);
			inputPaths = (
				"${PODS_PODFILE_DIR_PATH}/Podfile.lock",
				"${PODS_ROOT}/Manifest.lock",
			);
			name = "[CP] Check Pods Manifest.lock";
			outputFileListPaths = (
			);
			outputPaths = (
				"$(DERIVED_FILE_DIR)/Pods-DLHF_Member-checkManifestLockResult.txt",
			);
			runOnlyForDeploymentPostprocessing = 0;
			shellPath = /bin/sh;
			shellScript = "diff \"${PODS_PODFILE_DIR_PATH}/Podfile.lock\" \"${PODS_ROOT}/Manifest.lock\" > /dev/null\nif [ $? != 0 ] ; then\n    # print error to STDERR\n    echo \"error: The sandbox is not in sync with the Podfile.lock. Run 'pod install' or update your CocoaPods installation.\" >&2\n    exit 1\nfi\n# This output is used by Xcode 'outputs' to avoid re-running this script phase.\necho \"SUCCESS\" > \"${SCRIPT_OUTPUT_FILE_0}\"\n";
			showEnvVarsInLog = 0;
		};
		FD10A7F022414F080027D42C /* Start Packager */ = {
			isa = PBXShellScriptBuildPhase;
			buildActionMask = 2147483647;
			files = (
			);
			inputFileListPaths = (
			);
			inputPaths = (
			);
			name = "Start Packager";
			outputFileListPaths = (
			);
			outputPaths = (
			);
			runOnlyForDeploymentPostprocessing = 0;
			shellPath = /bin/sh;
			shellScript = "export RCT_METRO_PORT=\"${RCT_METRO_PORT:=8081}\"\necho \"export RCT_METRO_PORT=${RCT_METRO_PORT}\" > \"${SRCROOT}/../node_modules/react-native/scripts/.packager.env\"\nif [ -z \"${RCT_NO_LAUNCH_PACKAGER+xxx}\" ] ; then\n  if nc -w 5 -z localhost ${RCT_METRO_PORT} ; then\n    if ! curl -s \"http://localhost:${RCT_METRO_PORT}/status\" | grep -q \"packager-status:running\" ; then\n      echo \"Port ${RCT_METRO_PORT} already in use, packager is either not running or not running correctly\"\n      exit 2\n    fi\n  else\n    open \"$SRCROOT/../node_modules/react-native/scripts/launchPackager.command\" || echo \"Can't start packager automatically\"\n  fi\nfi\n";
			showEnvVarsInLog = 0;
		};
/* End PBXShellScriptBuildPhase section */

/* Begin PBXSourcesBuildPhase section */
		00E356EA1AD99517003FC87E /* Sources */ = {
			isa = PBXSourcesBuildPhase;
			buildActionMask = 2147483647;
			files = (
				00E356F31AD99517003FC87E /* DLHF_MemberTests.m in Sources */,
			);
			runOnlyForDeploymentPostprocessing = 0;
		};
		13B07F871A680F5B00A75B9A /* Sources */ = {
			isa = PBXSourcesBuildPhase;
			buildActionMask = 2147483647;
			files = (
				13B07FBC1A68108700A75B9A /* AppDelegate.mm in Sources */,
				13B07FC11A68108700A75B9A /* main.m in Sources */,
			);
			runOnlyForDeploymentPostprocessing = 0;
		};
/* End PBXSourcesBuildPhase section */

/* Begin PBXTargetDependency section */
		00E356F51AD99517003FC87E /* PBXTargetDependency */ = {
			isa = PBXTargetDependency;
			target = 13B07F861A680F5B00A75B9A /* DLHF_Member */;
			targetProxy = 00E356F41AD99517003FC87E /* PBXContainerItemProxy */;
		};
/* End PBXTargetDependency section */

/* Begin XCBuildConfiguration section */
		00E356F61AD99517003FC87E /* Debug */ = {
			isa = XCBuildConfiguration;
			baseConfigurationReference = 42319C68988E6C27CD70FA90 /* Pods-DLHF_Member-DLHF_MemberTests.debug.xcconfig */;
			buildSettings = {
				BUNDLE_LOADER = "$(TEST_HOST)";
				GCC_PREPROCESSOR_DEFINITIONS = (
					"DEBUG=1",
					"$(inherited)",
				);
				INFOPLIST_FILE = DLHF_MemberTests/Info.plist;
				IPHONEOS_DEPLOYMENT_TARGET = 12.4;
				LD_RUNPATH_SEARCH_PATHS = (
					"$(inherited)",
					"@executable_path/Frameworks",
					"@loader_path/Frameworks",
				);
				OTHER_LDFLAGS = (
					"-ObjC",
					"-lc++",
					"$(inherited)",
				);
				PRODUCT_BUNDLE_IDENTIFIER = "org.reactjs.native.example.$(PRODUCT_NAME:rfc1034identifier)";
				PRODUCT_NAME = "$(TARGET_NAME)";
				TEST_HOST = "$(BUILT_PRODUCTS_DIR)/DLHF_Member.app/DLHF_Member";
			};
			name = Debug;
		};
		00E356F71AD99517003FC87E /* Release */ = {
			isa = XCBuildConfiguration;
			baseConfigurationReference = 3C9B42460A878E946B5A21DB /* Pods-DLHF_Member-DLHF_MemberTests.release.xcconfig */;
			buildSettings = {
				BUNDLE_LOADER = "$(TEST_HOST)";
				COPY_PHASE_STRIP = NO;
				INFOPLIST_FILE = DLHF_MemberTests/Info.plist;
				IPHONEOS_DEPLOYMENT_TARGET = 12.4;
				LD_RUNPATH_SEARCH_PATHS = (
					"$(inherited)",
					"@executable_path/Frameworks",
					"@loader_path/Frameworks",
				);
				OTHER_LDFLAGS = (
					"-ObjC",
					"-lc++",
					"$(inherited)",
				);
				PRODUCT_BUNDLE_IDENTIFIER = "org.reactjs.native.example.$(PRODUCT_NAME:rfc1034identifier)";
				PRODUCT_NAME = "$(TARGET_NAME)";
				TEST_HOST = "$(BUILT_PRODUCTS_DIR)/DLHF_Member.app/DLHF_Member";
			};
			name = Release;
		};
		13B07F941A680F5B00A75B9A /* Debug */ = {
			isa = XCBuildConfiguration;
			baseConfigurationReference = 842ED8986517684B6106B3F1 /* Pods-DLHF_Member.debug.xcconfig */;
			buildSettings = {
				ASSETCATALOG_COMPILER_APPICON_NAME = AppIcon;
				CLANG_ENABLE_MODULES = YES;
				CODE_SIGN_STYLE = Manual;
				CURRENT_PROJECT_VERSION = 1;
				DEVELOPMENT_TEAM = "";
				ENABLE_BITCODE = NO;
				HAVE_GOOGLE_MAPS = 1;
				INFOPLIST_FILE = DLHF_Member/Info.plist;
				INFOPLIST_KEY_CFBundleDisplayName = "DLHF Member";
				LD_RUNPATH_SEARCH_PATHS = (
					"$(inherited)",
					"@executable_path/Frameworks",
				);
				MARKETING_VERSION = 1.0;
				OTHER_LDFLAGS = (
					"$(inherited)",
					"-ObjC",
					"-lc++",
				);
				PRODUCT_BUNDLE_IDENTIFIER = "org.reactjs.native.example.$(PRODUCT_NAME:rfc1034identifier)";
				PRODUCT_NAME = DLHF_Member;
				PROVISIONING_PROFILE_SPECIFIER = "";
				SWIFT_OPTIMIZATION_LEVEL = "-Onone";
				SWIFT_VERSION = 5.0;
				VERSIONING_SYSTEM = "apple-generic";
			};
			name = Debug;
		};
		13B07F951A680F5B00A75B9A /* Release */ = {
			isa = XCBuildConfiguration;
			baseConfigurationReference = 3A23FA35E62A963E89BC09AD /* Pods-DLHF_Member.release.xcconfig */;
			buildSettings = {
				ASSETCATALOG_COMPILER_APPICON_NAME = AppIcon;
				CLANG_ENABLE_MODULES = YES;
				CODE_SIGN_STYLE = Manual;
				CURRENT_PROJECT_VERSION = 1;
				DEVELOPMENT_TEAM = "";
				HAVE_GOOGLE_MAPS = 1;
				INFOPLIST_FILE = DLHF_Member/Info.plist;
				INFOPLIST_KEY_CFBundleDisplayName = "DLHF Member";
				LD_RUNPATH_SEARCH_PATHS = (
					"$(inherited)",
					"@executable_path/Frameworks",
				);
				MARKETING_VERSION = 1.0;
				OTHER_LDFLAGS = (
					"$(inherited)",
					"-ObjC",
					"-lc++",
				);
				PRODUCT_BUNDLE_IDENTIFIER = "org.reactjs.native.example.$(PRODUCT_NAME:rfc1034identifier)";
				PRODUCT_NAME = DLHF_Member;
				PROVISIONING_PROFILE_SPECIFIER = "";
				SWIFT_VERSION = 5.0;
				VERSIONING_SYSTEM = "apple-generic";
			};
			name = Release;
		};
		83CBBA201A601CBA00E9B192 /* Debug */ = {
			isa = XCBuildConfiguration;
			buildSettings = {
				ALWAYS_SEARCH_USER_PATHS = NO;
				CLANG_ANALYZER_LOCALIZABILITY_NONLOCALIZED = YES;
				CLANG_CXX_LANGUAGE_STANDARD = "c++17";
				CLANG_CXX_LIBRARY = "libc++";
				CLANG_ENABLE_MODULES = YES;
				CLANG_ENABLE_OBJC_ARC = YES;
				CLANG_WARN_BLOCK_CAPTURE_AUTORELEASING = YES;
				CLANG_WARN_BOOL_CONVERSION = YES;
				CLANG_WARN_COMMA = YES;
				CLANG_WARN_CONSTANT_CONVERSION = YES;
				CLANG_WARN_DEPRECATED_OBJC_IMPLEMENTATIONS = YES;
				CLANG_WARN_DIRECT_OBJC_ISA_USAGE = YES_ERROR;
				CLANG_WARN_EMPTY_BODY = YES;
				CLANG_WARN_ENUM_CONVERSION = YES;
				CLANG_WARN_INFINITE_RECURSION = YES;
				CLANG_WARN_INT_CONVERSION = YES;
				CLANG_WARN_NON_LITERAL_NULL_CONVERSION = YES;
				CLANG_WARN_OBJC_IMPLICIT_RETAIN_SELF = YES;
				CLANG_WARN_OBJC_LITERAL_CONVERSION = YES;
				CLANG_WARN_OBJC_ROOT_CLASS = YES_ERROR;
				CLANG_WARN_QUOTED_INCLUDE_IN_FRAMEWORK_HEADER = YES;
				CLANG_WARN_RANGE_LOOP_ANALYSIS = YES;
				CLANG_WARN_STRICT_PROTOTYPES = YES;
				CLANG_WARN_SUSPICIOUS_MOVE = YES;
				CLANG_WARN_UNREACHABLE_CODE = YES;
				CLANG_WARN__DUPLICATE_METHOD_MATCH = YES;
				"CODE_SIGN_IDENTITY[sdk=iphoneos*]" = "iPhone Developer";
				COPY_PHASE_STRIP = NO;
				ENABLE_STRICT_OBJC_MSGSEND = YES;
				ENABLE_TESTABILITY = YES;
				"EXCLUDED_ARCHS[sdk=iphonesimulator*]" = i386;
				GCC_C_LANGUAGE_STANDARD = gnu99;
				GCC_DYNAMIC_NO_PIC = NO;
				GCC_NO_COMMON_BLOCKS = YES;
				GCC_OPTIMIZATION_LEVEL = 0;
				GCC_PREPROCESSOR_DEFINITIONS = (
					"DEBUG=1",
					"$(inherited)",
				);
				GCC_SYMBOLS_PRIVATE_EXTERN = NO;
				GCC_WARN_64_TO_32_BIT_CONVERSION = YES;
				GCC_WARN_ABOUT_RETURN_TYPE = YES_ERROR;
				GCC_WARN_UNDECLARED_SELECTOR = YES;
				GCC_WARN_UNINITIALIZED_AUTOS = YES_AGGRESSIVE;
				GCC_WARN_UNUSED_FUNCTION = YES;
				GCC_WARN_UNUSED_VARIABLE = YES;
				IPHONEOS_DEPLOYMENT_TARGET = 12.4;
				LD_RUNPATH_SEARCH_PATHS = (
					/usr/lib/swift,
					"$(inherited)",
				);
				LIBRARY_SEARCH_PATHS = (
					"\"$(SDKROOT)/usr/lib/swift\"",
					"\"$(TOOLCHAIN_DIR)/usr/lib/swift/$(PLATFORM_NAME)\"",
					"\"$(inherited)\"",
				);
				MTL_ENABLE_DEBUG_INFO = YES;
				ONLY_ACTIVE_ARCH = YES;
				OTHER_CFLAGS = "$(inherited)";
				OTHER_CPLUSPLUSFLAGS = (
					"$(OTHER_CFLAGS)",
					"-DFOLLY_NO_CONFIG",
					"-DFOLLY_MOBILE=1",
					"-DFOLLY_USE_LIBCPP=1",
				);
				REACT_NATIVE_PATH = "${PODS_ROOT}/../../node_modules/react-native";
				SDKROOT = iphoneos;
			};
			name = Debug;
		};
		83CBBA211A601CBA00E9B192 /* Release */ = {
			isa = XCBuildConfiguration;
			buildSettings = {
				ALWAYS_SEARCH_USER_PATHS = NO;
				CLANG_ANALYZER_LOCALIZABILITY_NONLOCALIZED = YES;
				CLANG_CXX_LANGUAGE_STANDARD = "c++17";
				CLANG_CXX_LIBRARY = "libc++";
				CLANG_ENABLE_MODULES = YES;
				CLANG_ENABLE_OBJC_ARC = YES;
				CLANG_WARN_BLOCK_CAPTURE_AUTORELEASING = YES;
				CLANG_WARN_BOOL_CONVERSION = YES;
				CLANG_WARN_COMMA = YES;
				CLANG_WARN_CONSTANT_CONVERSION = YES;
				CLANG_WARN_DEPRECATED_OBJC_IMPLEMENTATIONS = YES;
				CLANG_WARN_DIRECT_OBJC_ISA_USAGE = YES_ERROR;
				CLANG_WARN_EMPTY_BODY = YES;
				CLANG_WARN_ENUM_CONVERSION = YES;
				CLANG_WARN_INFINITE_RECURSION = YES;
				CLANG_WARN_INT_CONVERSION = YES;
				CLANG_WARN_NON_LITERAL_NULL_CONVERSION = YES;
				CLANG_WARN_OBJC_IMPLICIT_RETAIN_SELF = YES;
				CLANG_WARN_OBJC_LITERAL_CONVERSION = YES;
				CLANG_WARN_OBJC_ROOT_CLASS = YES_ERROR;
				CLANG_WARN_QUOTED_INCLUDE_IN_FRAMEWORK_HEADER = YES;
				CLANG_WARN_RANGE_LOOP_ANALYSIS = YES;
				CLANG_WARN_STRICT_PROTOTYPES = YES;
				CLANG_WARN_SUSPICIOUS_MOVE = YES;
				CLANG_WARN_UNREACHABLE_CODE = YES;
				CLANG_WARN__DUPLICATE_METHOD_MATCH = YES;
				"CODE_SIGN_IDENTITY[sdk=iphoneos*]" = "iPhone Developer";
				COPY_PHASE_STRIP = YES;
				ENABLE_NS_ASSERTIONS = NO;
				ENABLE_STRICT_OBJC_MSGSEND = YES;
				"EXCLUDED_ARCHS[sdk=iphonesimulator*]" = i386;
				GCC_C_LANGUAGE_STANDARD = gnu99;
				GCC_NO_COMMON_BLOCKS = YES;
				GCC_WARN_64_TO_32_BIT_CONVERSION = YES;
				GCC_WARN_ABOUT_RETURN_TYPE = YES_ERROR;
				GCC_WARN_UNDECLARED_SELECTOR = YES;
				GCC_WARN_UNINITIALIZED_AUTOS = YES_AGGRESSIVE;
				GCC_WARN_UNUSED_FUNCTION = YES;
				GCC_WARN_UNUSED_VARIABLE = YES;
				IPHONEOS_DEPLOYMENT_TARGET = 12.4;
				LD_RUNPATH_SEARCH_PATHS = (
					/usr/lib/swift,
					"$(inherited)",
				);
				LIBRARY_SEARCH_PATHS = (
					"\"$(SDKROOT)/usr/lib/swift\"",
					"\"$(TOOLCHAIN_DIR)/usr/lib/swift/$(PLATFORM_NAME)\"",
					"\"$(inherited)\"",
				);
				MTL_ENABLE_DEBUG_INFO = NO;
				OTHER_CFLAGS = "$(inherited)";
				OTHER_CPLUSPLUSFLAGS = (
					"$(OTHER_CFLAGS)",
					"-DFOLLY_NO_CONFIG",
					"-DFOLLY_MOBILE=1",
					"-DFOLLY_USE_LIBCPP=1",
				);
				REACT_NATIVE_PATH = "${PODS_ROOT}/../../node_modules/react-native";
				SDKROOT = iphoneos;
				VALIDATE_PRODUCT = YES;
			};
			name = Release;
		};
/* End XCBuildConfiguration section */

/* Begin XCConfigurationList section */
		00E357021AD99517003FC87E /* Build configuration list for PBXNativeTarget "DLHF_MemberTests" */ = {
			isa = XCConfigurationList;
			buildConfigurations = (
				00E356F61AD99517003FC87E /* Debug */,
				00E356F71AD99517003FC87E /* Release */,
			);
			defaultConfigurationIsVisible = 0;
			defaultConfigurationName = Release;
		};
		13B07F931A680F5B00A75B9A /* Build configuration list for PBXNativeTarget "DLHF_Member" */ = {
			isa = XCConfigurationList;
			buildConfigurations = (
				13B07F941A680F5B00A75B9A /* Debug */,
				13B07F951A680F5B00A75B9A /* Release */,
			);
			defaultConfigurationIsVisible = 0;
			defaultConfigurationName = Release;
		};
		83CBB9FA1A601CBA00E9B192 /* Build configuration list for PBXProject "DLHF_Member" */ = {
			isa = XCConfigurationList;
			buildConfigurations = (
				83CBBA201A601CBA00E9B192 /* Debug */,
				83CBBA211A601CBA00E9B192 /* Release */,
			);
			defaultConfigurationIsVisible = 0;
			defaultConfigurationName = Release;
		};
/* End XCConfigurationList section */
	};
	rootObject = 83CBB9F71A601CBA00E9B192 /* Project object */;
}
